
Microsoft Visual Studio Solution File, Format Version 11.00
# Visual Studio 2010
Project("{8BC9CEB8-8B4A-11D0-8D11-00A0C91BC942}") = "sample", "sample\sample.vcxproj", "{BD905E73-BE52-46FD-88C6-009614F07DC6}"
EndProject
Project("{8BC9CEB8-8B4A-11D0-8D11-00A0C91BC942}") = "build", "build\build.vcxproj", "{11B22262-774C-4892-A4E0-52BAA69CB3D7}"
EndProject
Project("{8BC9CEB8-8B4A-11D0-8D11-00A0C91BC942}") = "search", "search\search.vcxproj", "{DBAF8A16-674A-4613-9C97-C4F7E1B52B59}"
EndProject
Project("{8BC9CEB8-8B4A-11D0-8D11-00A0C91BC942}") = "test", "test\test.vcxproj", "{5DED655B-25F1-4B99-8A50-694617563B0F}"
EndProject
Global
	GlobalSection(SolutionConfigurationPlatforms) = preSolution
		Debug|Win32 = Debug|Win32
		Release|Win32 = Release|Win32
	EndGlobalSection
	GlobalSection(ProjectConfigurationPlatforms) = postSolution
		{BD905E73-BE52-46FD-88C6-009614F07DC6}.Debug|Win32.ActiveCfg = Debug|Win32
		{BD905E73-BE52-46FD-88C6-009614F07DC6}.Debug|Win32.Build.0 = Debug|Win32
		{BD905E73-BE52-46FD-88C6-009614F07DC6}.Release|Win32.ActiveCfg = Release|Win32
		{BD905E73-BE52-46FD-88C6-009614F07DC6}.Release|Win32.Build.0 = Release|Win32
		{11B22262-774C-4892-A4E0-52BAA69CB3D7}.Debug|Win32.ActiveCfg = Debug|Win32
		{11B22262-774C-4892-A4E0-52BAA69CB3D7}.Debug|Win32.Build.0 = Debug|Win32
		{11B22262-774C-4892-A4E0-52BAA69CB3D7}.Release|Win32.ActiveCfg = Release|Win32
		{11B22262-774C-4892-A4E0-52BAA69CB3D7}.Release|Win32.Build.0 = Release|Win32
		{DBAF8A16-674A-4613-9C97-C4F7E1B52B59}.Debug|Win32.ActiveCfg = Debug|Win32
		{DBAF8A16-674A-4613-9C97-C4F7E1B52B59}.Debug|Win32.Build.0 = Debug|Win32
		{DBAF8A16-674A-4613-9C97-C4F7E1B52B59}.Release|Win32.ActiveCfg = Release|Win32
		{DBAF8A16-674A-4613-9C97-C4F7E1B52B59}.Release|Win32.Build.0 = Release|Win32
		{5DED655B-25F1-4B99-8A50-694617563B0F}.Debug|Win32.ActiveCfg = Debug|Win32
		{5DED655B-25F1-4B99-8A50-694617563B0F}.Debug|Win32.Build.0 = Debug|Win32
		{5DED655B-25F1-4B99-8A50-694617563B0F}.Release|Win32.ActiveCfg = Release|Win32
		{5DED655B-25F1-4B99-8A50-694617563B0F}.Release|Win32.Build.0 = Release|Win32
	EndGlobalSection
	GlobalSection(SolutionProperties) = preSolution
		HideSolutionNode = FALSE
	EndGlobalSection
EndGlobal
